
Microsoft Visual Studio Solution File, Format Version 12.00
# Visual Studio Version 17
VisualStudioVersion = 17.14.36623.8 d17.14
MinimumVisualStudioVersion = 10.0.40219.1
Project("{FAE04EC0-301F-11D3-BF4B-00C04F79EFBC}") = "EventPlanner", "EventPlanner\EventPlanner.csproj", "{E18243AE-5856-4641-A139-EDCA7005987A}"
EndProject
Global
	GlobalSection(SolutionConfigurationPlatforms) = preSolution
		Debug|Any CPU = Debug|Any CPU
		Release|Any CPU = Release|Any CPU
	EndGlobalSection
	GlobalSection(ProjectConfigurationPlatforms) = postSolution
		{E18243AE-5856-4641-A139-EDCA7005987A}.Debug|Any CPU.ActiveCfg = Debug|Any CPU
		{E18243AE-5856-4641-A139-EDCA7005987A}.Debug|Any CPU.Build.0 = Debug|Any CPU
		{E18243AE-5856-4641-A139-EDCA7005987A}.Release|Any CPU.ActiveCfg = Release|Any CPU
		{E18243AE-5856-4641-A139-EDCA7005987A}.Release|Any CPU.Build.0 = Release|Any CPU
	EndGlobalSection
	GlobalSection(SolutionProperties) = preSolution
		HideSolutionNode = FALSE
	EndGlobalSection
	GlobalSection(ExtensibilityGlobals) = postSolution
		SolutionGuid = {1D512D4E-C90F-48EC-8479-1BC27E71BEF6}
	EndGlobalSection
EndGlobal
